// !$*UTF8*$!
{
	archiveVersion = 1;
	classes = {
	};
	objectVersion = 50;
	objects = {

/* Begin PBXBuildFile section */
		10AD37E926088786004D51AA /* SnowSeekerApp.swift in Sources */ = {isa = PBXBuildFile; fileRef = 10AD37E826088786004D51AA /* SnowSeekerApp.swift */; };
		10AD37EB26088786004D51AA /* ContentView.swift in Sources */ = {isa = PBXBuildFile; fileRef = 10AD37EA26088786004D51AA /* ContentView.swift */; };
		10AD37ED26088787004D51AA /* Assets.xcassets in Resources */ = {isa = PBXBuildFile; fileRef = 10AD37EC26088787004D51AA /* Assets.xcassets */; };
		10AD37F026088787004D51AA /* Preview Assets.xcassets in Resources */ = {isa = PBXBuildFile; fileRef = 10AD37EF26088787004D51AA /* Preview Assets.xcassets */; };
		10AD37F926088BBE004D51AA /* resorts.json in Resources */ = {isa = PBXBuildFile; fileRef = 10AD37F826088BBE004D51AA /* resorts.json */; };
		10AD37FC26089502004D51AA /* Resort.swift in Sources */ = {isa = PBXBuildFile; fileRef = 10AD37FB26089502004D51AA /* Resort.swift */; };
		10AD37FF26089826004D51AA /* Bundle-Decodable.swift in Sources */ = {isa = PBXBuildFile; fileRef = 10AD37FE26089826004D51AA /* Bundle-Decodable.swift */; };
		10AD380226093D95004D51AA /* WelcomeView.swift in Sources */ = {isa = PBXBuildFile; fileRef = 10AD380126093D95004D51AA /* WelcomeView.swift */; };
		10AD380526093EF1004D51AA /* PhoneNavigationView.swift in Sources */ = {isa = PBXBuildFile; fileRef = 10AD380426093EF1004D51AA /* PhoneNavigationView.swift */; };
		10AD3808260A0029004D51AA /* ResortView.swift in Sources */ = {isa = PBXBuildFile; fileRef = 10AD3807260A0029004D51AA /* ResortView.swift */; };
		10AD380B260A0284004D51AA /* SkiDetailView.swift in Sources */ = {isa = PBXBuildFile; fileRef = 10AD380A260A0284004D51AA /* SkiDetailView.swift */; };
		10AD380E260A0307004D51AA /* ResortDetailView.swift in Sources */ = {isa = PBXBuildFile; fileRef = 10AD380D260A0307004D51AA /* ResortDetailView.swift */; };
		10AD3811260A09B0004D51AA /* Facility.swift in Sources */ = {isa = PBXBuildFile; fileRef = 10AD3810260A09B0004D51AA /* Facility.swift */; };
		10B59AE4260A156200BC2A4D /* Favorites.swift in Sources */ = {isa = PBXBuildFile; fileRef = 10B59AE3260A156200BC2A4D /* Favorites.swift */; };
		10B59AE7260A3D1000BC2A4D /* FilterView.swift in Sources */ = {isa = PBXBuildFile; fileRef = 10B59AE6260A3D1000BC2A4D /* FilterView.swift */; };
		10B59AEA260A420E00BC2A4D /* FilterSettings.swift in Sources */ = {isa = PBXBuildFile; fileRef = 10B59AE9260A420E00BC2A4D /* FilterSettings.swift */; };
/* End PBXBuildFile section */

/* Begin PBXFileReference section */
		10AD37E526088786004D51AA /* SnowSeeker.app */ = {isa = PBXFileReference; explicitFileType = wrapper.application; includeInIndex = 0; path = SnowSeeker.app; sourceTree = BUILT_PRODUCTS_DIR; };
		10AD37E826088786004D51AA /* SnowSeekerApp.swift */ = {isa = PBXFileReference; lastKnownFileType = sourcecode.swift; path = SnowSeekerApp.swift; sourceTree = "<group>"; };
		10AD37EA26088786004D51AA /* ContentView.swift */ = {isa = PBXFileReference; lastKnownFileType = sourcecode.swift; path = ContentView.swift; sourceTree = "<group>"; };
		10AD37EC26088787004D51AA /* Assets.xcassets */ = {isa = PBXFileReference; lastKnownFileType = folder.assetcatalog; path = Assets.xcassets; sourceTree = "<group>"; };
		10AD37EF26088787004D51AA /* Preview Assets.xcassets */ = {isa = PBXFileReference; lastKnownFileType = folder.assetcatalog; path = "Preview Assets.xcassets"; sourceTree = "<group>"; };
		10AD37F126088787004D51AA /* Info.plist */ = {isa = PBXFileReference; lastKnownFileType = text.plist.xml; path = Info.plist; sourceTree = "<group>"; };
		10AD37F826088BBE004D51AA /* resorts.json */ = {isa = PBXFileReference; fileEncoding = 4; lastKnownFileType = text.json; path = resorts.json; sourceTree = "<group>"; };
		10AD37FB26089502004D51AA /* Resort.swift */ = {isa = PBXFileReference; lastKnownFileType = sourcecode.swift; path = Resort.swift; sourceTree = "<group>"; };
		10AD37FE26089826004D51AA /* Bundle-Decodable.swift */ = {isa = PBXFileReference; lastKnownFileType = sourcecode.swift; path = "Bundle-Decodable.swift"; sourceTree = "<group>"; };
		10AD380126093D95004D51AA /* WelcomeView.swift */ = {isa = PBXFileReference; lastKnownFileType = sourcecode.swift; path = WelcomeView.swift; sourceTree = "<group>"; };
		10AD380426093EF1004D51AA /* PhoneNavigationView.swift */ = {isa = PBXFileReference; lastKnownFileType = sourcecode.swift; path = PhoneNavigationView.swift; sourceTree = "<group>"; };
		10AD3807260A0029004D51AA /* ResortView.swift */ = {isa = PBXFileReference; lastKnownFileType = sourcecode.swift; path = ResortView.swift; sourceTree = "<group>"; };
		10AD380A260A0284004D51AA /* SkiDetailView.swift */ = {isa = PBXFileReference; lastKnownFileType = sourcecode.swift; path = SkiDetailView.swift; sourceTree = "<group>"; };
		10AD380D260A0307004D51AA /* ResortDetailView.swift */ = {isa = PBXFileReference; lastKnownFileType = sourcecode.swift; path = ResortDetailView.swift; sourceTree = "<group>"; };
		10AD3810260A09B0004D51AA /* Facility.swift */ = {isa = PBXFileReference; lastKnownFileType = sourcecode.swift; path = Facility.swift; sourceTree = "<group>"; };
		10B59AE3260A156200BC2A4D /* Favorites.swift */ = {isa = PBXFileReference; lastKnownFileType = sourcecode.swift; path = Favorites.swift; sourceTree = "<group>"; };
		10B59AE6260A3D1000BC2A4D /* FilterView.swift */ = {isa = PBXFileReference; lastKnownFileType = sourcecode.swift; path = FilterView.swift; sourceTree = "<group>"; };
		10B59AE9260A420E00BC2A4D /* FilterSettings.swift */ = {isa = PBXFileReference; lastKnownFileType = sourcecode.swift; path = FilterSettings.swift; sourceTree = "<group>"; };
/* End PBXFileReference section */

/* Begin PBXFrameworksBuildPhase section */
		10AD37E226088786004D51AA /* Frameworks */ = {
			isa = PBXFrameworksBuildPhase;
			buildActionMask = 2147483647;
			files = (
			);
			runOnlyForDeploymentPostprocessing = 0;
		};
/* End PBXFrameworksBuildPhase section */

/* Begin PBXGroup section */
		10AD37DC26088786004D51AA = {
			isa = PBXGroup;
			children = (
				10AD37E726088786004D51AA /* SnowSeeker */,
				10AD37E626088786004D51AA /* Products */,
			);
			sourceTree = "<group>";
		};
		10AD37E626088786004D51AA /* Products */ = {
			isa = PBXGroup;
			children = (
				10AD37E526088786004D51AA /* SnowSeeker.app */,
			);
			name = Products;
			sourceTree = "<group>";
		};
		10AD37E726088786004D51AA /* SnowSeeker */ = {
			isa = PBXGroup;
			children = (
				10AD37E826088786004D51AA /* SnowSeekerApp.swift */,
				10AD3807260A0029004D51AA /* ResortView.swift */,
				10B59AE3260A156200BC2A4D /* Favorites.swift */,
				10AD37EA26088786004D51AA /* ContentView.swift */,
				10B59AE6260A3D1000BC2A4D /* FilterView.swift */,
				10B59AE9260A420E00BC2A4D /* FilterSettings.swift */,
				10AD380A260A0284004D51AA /* SkiDetailView.swift */,
				10AD380D260A0307004D51AA /* ResortDetailView.swift */,
				10AD3810260A09B0004D51AA /* Facility.swift */,
				10AD380426093EF1004D51AA /* PhoneNavigationView.swift */,
				10AD380126093D95004D51AA /* WelcomeView.swift */,
				10AD37FB26089502004D51AA /* Resort.swift */,
				10AD37FE26089826004D51AA /* Bundle-Decodable.swift */,
				10AD37EC26088787004D51AA /* Assets.xcassets */,
				10AD37F126088787004D51AA /* Info.plist */,
				10AD37F826088BBE004D51AA /* resorts.json */,
				10AD37EE26088787004D51AA /* Preview Content */,
			);
			path = SnowSeeker;
			sourceTree = "<group>";
		};
		10AD37EE26088787004D51AA /* Preview Content */ = {
			isa = PBXGroup;
			children = (
				10AD37EF26088787004D51AA /* Preview Assets.xcassets */,
			);
			path = "Preview Content";
			sourceTree = "<group>";
		};
/* End PBXGroup section */

/* Begin PBXNativeTarget section */
		10AD37E426088786004D51AA /* SnowSeeker */ = {
			isa = PBXNativeTarget;
			buildConfigurationList = 10AD37F426088787004D51AA /* Build configuration list for PBXNativeTarget "SnowSeeker" */;
			buildPhases = (
				10AD37E126088786004D51AA /* Sources */,
				10AD37E226088786004D51AA /* Frameworks */,
				10AD37E326088786004D51AA /* Resources */,
			);
			buildRules = (
			);
			dependencies = (
			);
			name = SnowSeeker;
			productName = SnowSeeker;
			productReference = 10AD37E526088786004D51AA /* SnowSeeker.app */;
			productType = "com.apple.product-type.application";
		};
/* End PBXNativeTarget section */

/* Begin PBXProject section */
		10AD37DD26088786004D51AA /* Project object */ = {
			isa = PBXProject;
			attributes = {
				LastSwiftUpdateCheck = 1240;
				LastUpgradeCheck = 1240;
				TargetAttributes = {
					10AD37E426088786004D51AA = {
						CreatedOnToolsVersion = 12.4;
					};
				};
			};
			buildConfigurationList = 10AD37E026088786004D51AA /* Build configuration list for PBXProject "SnowSeeker" */;
			compatibilityVersion = "Xcode 9.3";
			developmentRegion = en;
			hasScannedForEncodings = 0;
			knownRegions = (
				en,
				Base,
			);
			mainGroup = 10AD37DC26088786004D51AA;
			productRefGroup = 10AD37E626088786004D51AA /* Products */;
			projectDirPath = "";
			projectRoot = "";
			targets = (
				10AD37E426088786004D51AA /* SnowSeeker */,
			);
		};
/* End PBXProject section */

/* Begin PBXResourcesBuildPhase section */
		10AD37E326088786004D51AA /* Resources */ = {
			isa = PBXResourcesBuildPhase;
			buildActionMask = 2147483647;
			files = (
				10AD37F926088BBE004D51AA /* resorts.json in Resources */,
				10AD37F026088787004D51AA /* Preview Assets.xcassets in Resources */,
				10AD37ED26088787004D51AA /* Assets.xcassets in Resources */,
			);
			runOnlyForDeploymentPostprocessing = 0;
		};
/* End PBXResourcesBuildPhase section */

/* Begin PBXSourcesBuildPhase section */
		10AD37E126088786004D51AA /* Sources */ = {
			isa = PBXSourcesBuildPhase;
			buildActionMask = 2147483647;
			files = (
				10AD380226093D95004D51AA /* WelcomeView.swift in Sources */,
				10AD3811260A09B0004D51AA /* Facility.swift in Sources */,
				10AD37EB26088786004D51AA /* ContentView.swift in Sources */,
				10AD37FC26089502004D51AA /* Resort.swift in Sources */,
				10B59AE7260A3D1000BC2A4D /* FilterView.swift in Sources */,
				10AD380B260A0284004D51AA /* SkiDetailView.swift in Sources */,
				10B59AE4260A156200BC2A4D /* Favorites.swift in Sources */,
				10AD3808260A0029004D51AA /* ResortView.swift in Sources */,
				10B59AEA260A420E00BC2A4D /* FilterSettings.swift in Sources */,
				10AD37E926088786004D51AA /* SnowSeekerApp.swift in Sources */,
				10AD37FF26089826004D51AA /* Bundle-Decodable.swift in Sources */,
				10AD380E260A0307004D51AA /* ResortDetailView.swift in Sources */,
				10AD380526093EF1004D51AA /* PhoneNavigationView.swift in Sources */,
			);
			runOnlyForDeploymentPostprocessing = 0;
		};
/* End PBXSourcesBuildPhase section */

/* Begin XCBuildConfiguration section */
		10AD37F226088787004D51AA /* Debug */ = {
			isa = XCBuildConfiguration;
			buildSettings = {
				ALWAYS_SEARCH_USER_PATHS = NO;
				CLANG_ANALYZER_NONNULL = YES;
				CLANG_ANALYZER_NUMBER_OBJECT_CONVERSION = YES_AGGRESSIVE;
				CLANG_CXX_LANGUAGE_STANDARD = "gnu++14";
				CLANG_CXX_LIBRARY = "libc++";
				CLANG_ENABLE_MODULES = YES;
				CLANG_ENABLE_OBJC_ARC = YES;
				CLANG_ENABLE_OBJC_WEAK = YES;
				CLANG_WARN_BLOCK_CAPTURE_AUTORELEASING = YES;
				CLANG_WARN_BOOL_CONVERSION = YES;
				CLANG_WARN_COMMA = YES;
				CLANG_WARN_CONSTANT_CONVERSION = YES;
				CLANG_WARN_DEPRECATED_OBJC_IMPLEMENTATIONS = YES;
				CLANG_WARN_DIRECT_OBJC_ISA_USAGE = YES_ERROR;
				CLANG_WARN_DOCUMENTATION_COMMENTS = YES;
				CLANG_WARN_EMPTY_BODY = YES;
				CLANG_WARN_ENUM_CONVERSION = YES;
				CLANG_WARN_INFINITE_RECURSION = YES;
				CLANG_WARN_INT_CONVERSION = YES;
				CLANG_WARN_NON_LITERAL_NULL_CONVERSION = YES;
				CLANG_WARN_OBJC_IMPLICIT_RETAIN_SELF = YES;
				CLANG_WARN_OBJC_LITERAL_CONVERSION = YES;
				CLANG_WARN_OBJC_ROOT_CLASS = YES_ERROR;
				CLANG_WARN_QUOTED_INCLUDE_IN_FRAMEWORK_HEADER = YES;
				CLANG_WARN_RANGE_LOOP_ANALYSIS = YES;
				CLANG_WARN_STRICT_PROTOTYPES = YES;
				CLANG_WARN_SUSPICIOUS_MOVE = YES;
				CLANG_WARN_UNGUARDED_AVAILABILITY = YES_AGGRESSIVE;
				CLANG_WARN_UNREACHABLE_CODE = YES;
				CLANG_WARN__DUPLICATE_METHOD_MATCH = YES;
				COPY_PHASE_STRIP = NO;
				DEBUG_INFORMATION_FORMAT = dwarf;
				ENABLE_STRICT_OBJC_MSGSEND = YES;
				ENABLE_TESTABILITY = YES;
				GCC_C_LANGUAGE_STANDARD = gnu11;
				GCC_DYNAMIC_NO_PIC = NO;
				GCC_NO_COMMON_BLOCKS = YES;
				GCC_OPTIMIZATION_LEVEL = 0;
				GCC_PREPROCESSOR_DEFINITIONS = (
					"DEBUG=1",
					"$(inherited)",
				);
				GCC_WARN_64_TO_32_BIT_CONVERSION = YES;
				GCC_WARN_ABOUT_RETURN_TYPE = YES_ERROR;
				GCC_WARN_UNDECLARED_SELECTOR = YES;
				GCC_WARN_UNINITIALIZED_AUTOS = YES_AGGRESSIVE;
				GCC_WARN_UNUSED_FUNCTION = YES;
				GCC_WARN_UNUSED_VARIABLE = YES;
				IPHONEOS_DEPLOYMENT_TARGET = 14.4;
				MTL_ENABLE_DEBUG_INFO = INCLUDE_SOURCE;
				MTL_FAST_MATH = YES;
				ONLY_ACTIVE_ARCH = YES;
				SDKROOT = iphoneos;
				SWIFT_ACTIVE_COMPILATION_CONDITIONS = DEBUG;
				SWIFT_OPTIMIZATION_LEVEL = "-Onone";
			};
			name = Debug;
		};
		10AD37F326088787004D51AA /* Release */ = {
			isa = XCBuildConfiguration;
			buildSettings = {
				ALWAYS_SEARCH_USER_PATHS = NO;
				CLANG_ANALYZER_NONNULL = YES;
				CLANG_ANALYZER_NUMBER_OBJECT_CONVERSION = YES_AGGRESSIVE;
				CLANG_CXX_LANGUAGE_STANDARD = "gnu++14";
				CLANG_CXX_LIBRARY = "libc++";
				CLANG_ENABLE_MODULES = YES;
				CLANG_ENABLE_OBJC_ARC = YES;
				CLANG_ENABLE_OBJC_WEAK = YES;
				CLANG_WARN_BLOCK_CAPTURE_AUTORELEASING = YES;
				CLANG_WARN_BOOL_CONVERSION = YES;
				CLANG_WARN_COMMA = YES;
				CLANG_WARN_CONSTANT_CONVERSION = YES;
				CLANG_WARN_DEPRECATED_OBJC_IMPLEMENTATIONS = YES;
				CLANG_WARN_DIRECT_OBJC_ISA_USAGE = YES_ERROR;
				CLANG_WARN_DOCUMENTATION_COMMENTS = YES;
				CLANG_WARN_EMPTY_BODY = YES;
				CLANG_WARN_ENUM_CONVERSION = YES;
				CLANG_WARN_INFINITE_RECURSION = YES;
				CLANG_WARN_INT_CONVERSION = YES;
				CLANG_WARN_NON_LITERAL_NULL_CONVERSION = YES;
				CLANG_WARN_OBJC_IMPLICIT_RETAIN_SELF = YES;
				CLANG_WARN_OBJC_LITERAL_CONVERSION = YES;
				CLANG_WARN_OBJC_ROOT_CLASS = YES_ERROR;
				CLANG_WARN_QUOTED_INCLUDE_IN_FRAMEWORK_HEADER = YES;
				CLANG_WARN_RANGE_LOOP_ANALYSIS = YES;
				CLANG_WARN_STRICT_PROTOTYPES = YES;
				CLANG_WARN_SUSPICIOUS_MOVE = YES;
				CLANG_WARN_UNGUARDED_AVAILABILITY = YES_AGGRESSIVE;
				CLANG_WARN_UNREACHABLE_CODE = YES;
				CLANG_WARN__DUPLICATE_METHOD_MATCH = YES;
				COPY_PHASE_STRIP = NO;
				DEBUG_INFORMATION_FORMAT = "dwarf-with-dsym";
				ENABLE_NS_ASSERTIONS = NO;
				ENABLE_STRICT_OBJC_MSGSEND = YES;
				GCC_C_LANGUAGE_STANDARD = gnu11;
				GCC_NO_COMMON_BLOCKS = YES;
				GCC_WARN_64_TO_32_BIT_CONVERSION = YES;
				GCC_WARN_ABOUT_RETURN_TYPE = YES_ERROR;
				GCC_WARN_UNDECLARED_SELECTOR = YES;
				GCC_WARN_UNINITIALIZED_AUTOS = YES_AGGRESSIVE;
				GCC_WARN_UNUSED_FUNCTION = YES;
				GCC_WARN_UNUSED_VARIABLE = YES;
				IPHONEOS_DEPLOYMENT_TARGET = 14.4;
				MTL_ENABLE_DEBUG_INFO = NO;
				MTL_FAST_MATH = YES;
				SDKROOT = iphoneos;
				SWIFT_COMPILATION_MODE = wholemodule;
				SWIFT_OPTIMIZATION_LEVEL = "-O";
				VALIDATE_PRODUCT = YES;
			};
			name = Release;
		};
		10AD37F526088787004D51AA /* Debug */ = {
			isa = XCBuildConfiguration;
			buildSettings = {
				ASSETCATALOG_COMPILER_APPICON_NAME = AppIcon;
				ASSETCATALOG_COMPILER_GLOBAL_ACCENT_COLOR_NAME = AccentColor;
				CODE_SIGN_STYLE = Automatic;
				DEVELOPMENT_ASSET_PATHS = "\"SnowSeeker/Preview Content\"";
				DEVELOPMENT_TEAM = 49XESD2744;
				ENABLE_PREVIEWS = YES;
				INFOPLIST_FILE = SnowSeeker/Info.plist;
				IPHONEOS_DEPLOYMENT_TARGET = 14.0;
				LD_RUNPATH_SEARCH_PATHS = (
					"$(inherited)",
					"@executable_path/Frameworks",
				);
				PRODUCT_BUNDLE_IDENTIFIER = com.musty.SnowSeeker;
				PRODUCT_NAME = "$(TARGET_NAME)";
				SWIFT_VERSION = 5.0;
				TARGETED_DEVICE_FAMILY = "1,2";
			};
			name = Debug;
		};
		10AD37F626088787004D51AA /* Release */ = {
			isa = XCBuildConfiguration;
			buildSettings = {
				ASSETCATALOG_COMPILER_APPICON_NAME = AppIcon;
				ASSETCATALOG_COMPILER_GLOBAL_ACCENT_COLOR_NAME = AccentColor;
				CODE_SIGN_STYLE = Automatic;
				DEVELOPMENT_ASSET_PATHS = "\"SnowSeeker/Preview Content\"";
				DEVELOPMENT_TEAM = 49XESD2744;
				ENABLE_PREVIEWS = YES;
				INFOPLIST_FILE = SnowSeeker/Info.plist;
				IPHONEOS_DEPLOYMENT_TARGET = 14.0;
				LD_RUNPATH_SEARCH_PATHS = (
					"$(inherited)",
					"@executable_path/Frameworks",
				);
				PRODUCT_BUNDLE_IDENTIFIER = com.musty.SnowSeeker;
				PRODUCT_NAME = "$(TARGET_NAME)";
				SWIFT_VERSION = 5.0;
				TARGETED_DEVICE_FAMILY = "1,2";
			};
			name = Release;
		};
/* End XCBuildConfiguration section */

/* Begin XCConfigurationList section */
		10AD37E026088786004D51AA /* Build configuration list for PBXProject "SnowSeeker" */ = {
			isa = XCConfigurationList;
			buildConfigurations = (
				10AD37F226088787004D51AA /* Debug */,
				10AD37F326088787004D51AA /* Release */,
			);
			defaultConfigurationIsVisible = 0;
			defaultConfigurationName = Release;
		};
		10AD37F426088787004D51AA /* Build configuration list for PBXNativeTarget "SnowSeeker" */ = {
			isa = XCConfigurationList;
			buildConfigurations = (
				10AD37F526088787004D51AA /* Debug */,
				10AD37F626088787004D51AA /* Release */,
			);
			defaultConfigurationIsVisible = 0;
			defaultConfigurationName = Release;
		};
/* End XCConfigurationList section */
	};
	rootObject = 10AD37DD26088786004D51AA /* Project object */;
}
