// !$*UTF8*$!
{
	archiveVersion = 1;
	classes = {
	};
	objectVersion = 50;
	objects = {

/* Begin PBXBuildFile section */
		10225CE025E552A500B4750F /* BucketListApp.swift in Sources */ = {isa = PBXBuildFile; fileRef = 10225CDF25E552A500B4750F /* BucketListApp.swift */; };
		10225CE225E552A500B4750F /* ContentView.swift in Sources */ = {isa = PBXBuildFile; fileRef = 10225CE125E552A500B4750F /* ContentView.swift */; };
		10225CE425E552A600B4750F /* Assets.xcassets in Resources */ = {isa = PBXBuildFile; fileRef = 10225CE325E552A600B4750F /* Assets.xcassets */; };
		10225CE725E552A600B4750F /* Preview Assets.xcassets in Resources */ = {isa = PBXBuildFile; fileRef = 10225CE625E552A600B4750F /* Preview Assets.xcassets */; };
		10225CF025E55C3100B4750F /* MapView.swift in Sources */ = {isa = PBXBuildFile; fileRef = 10225CEF25E55C3100B4750F /* MapView.swift */; };
		10225CF325E6C60C00B4750F /* MKPointAnnotation - ObservableObject.swift in Sources */ = {isa = PBXBuildFile; fileRef = 10225CF225E6C60C00B4750F /* MKPointAnnotation - ObservableObject.swift */; };
		10225CF625E7EF4B00B4750F /* EditView.swift in Sources */ = {isa = PBXBuildFile; fileRef = 10225CF525E7EF4B00B4750F /* EditView.swift */; };
		10225CF925E8015A00B4750F /* Result.swfit.swift in Sources */ = {isa = PBXBuildFile; fileRef = 10225CF825E8015A00B4750F /* Result.swfit.swift */; };
		10225CFC25E8097E00B4750F /* MKPointAnnotation - Codable.swift in Sources */ = {isa = PBXBuildFile; fileRef = 10225CFB25E8097E00B4750F /* MKPointAnnotation - Codable.swift */; };
		10225CFF25E8284300B4750F /* UnlockedView.swift in Sources */ = {isa = PBXBuildFile; fileRef = 10225CFE25E8284300B4750F /* UnlockedView.swift */; };
/* End PBXBuildFile section */

/* Begin PBXFileReference section */
		10225CDC25E552A500B4750F /* BucketList.app */ = {isa = PBXFileReference; explicitFileType = wrapper.application; includeInIndex = 0; path = BucketList.app; sourceTree = BUILT_PRODUCTS_DIR; };
		10225CDF25E552A500B4750F /* BucketListApp.swift */ = {isa = PBXFileReference; lastKnownFileType = sourcecode.swift; path = BucketListApp.swift; sourceTree = "<group>"; };
		10225CE125E552A500B4750F /* ContentView.swift */ = {isa = PBXFileReference; lastKnownFileType = sourcecode.swift; path = ContentView.swift; sourceTree = "<group>"; };
		10225CE325E552A600B4750F /* Assets.xcassets */ = {isa = PBXFileReference; lastKnownFileType = folder.assetcatalog; path = Assets.xcassets; sourceTree = "<group>"; };
		10225CE625E552A600B4750F /* Preview Assets.xcassets */ = {isa = PBXFileReference; lastKnownFileType = folder.assetcatalog; path = "Preview Assets.xcassets"; sourceTree = "<group>"; };
		10225CE825E552A600B4750F /* Info.plist */ = {isa = PBXFileReference; lastKnownFileType = text.plist.xml; path = Info.plist; sourceTree = "<group>"; };
		10225CEF25E55C3100B4750F /* MapView.swift */ = {isa = PBXFileReference; lastKnownFileType = sourcecode.swift; path = MapView.swift; sourceTree = "<group>"; };
		10225CF225E6C60C00B4750F /* MKPointAnnotation - ObservableObject.swift */ = {isa = PBXFileReference; lastKnownFileType = sourcecode.swift; path = "MKPointAnnotation - ObservableObject.swift"; sourceTree = "<group>"; };
		10225CF525E7EF4B00B4750F /* EditView.swift */ = {isa = PBXFileReference; lastKnownFileType = sourcecode.swift; path = EditView.swift; sourceTree = "<group>"; };
		10225CF825E8015A00B4750F /* Result.swfit.swift */ = {isa = PBXFileReference; lastKnownFileType = sourcecode.swift; path = Result.swfit.swift; sourceTree = "<group>"; };
		10225CFB25E8097E00B4750F /* MKPointAnnotation - Codable.swift */ = {isa = PBXFileReference; lastKnownFileType = sourcecode.swift; path = "MKPointAnnotation - Codable.swift"; sourceTree = "<group>"; };
		10225CFE25E8284300B4750F /* UnlockedView.swift */ = {isa = PBXFileReference; lastKnownFileType = sourcecode.swift; path = UnlockedView.swift; sourceTree = "<group>"; };
/* End PBXFileReference section */

/* Begin PBXFrameworksBuildPhase section */
		10225CD925E552A500B4750F /* Frameworks */ = {
			isa = PBXFrameworksBuildPhase;
			buildActionMask = 2147483647;
			files = (
			);
			runOnlyForDeploymentPostprocessing = 0;
		};
/* End PBXFrameworksBuildPhase section */

/* Begin PBXGroup section */
		10225CD325E552A500B4750F = {
			isa = PBXGroup;
			children = (
				10225CDE25E552A500B4750F /* BucketList */,
				10225CDD25E552A500B4750F /* Products */,
			);
			sourceTree = "<group>";
		};
		10225CDD25E552A500B4750F /* Products */ = {
			isa = PBXGroup;
			children = (
				10225CDC25E552A500B4750F /* BucketList.app */,
			);
			name = Products;
			sourceTree = "<group>";
		};
		10225CDE25E552A500B4750F /* BucketList */ = {
			isa = PBXGroup;
			children = (
				10225CDF25E552A500B4750F /* BucketListApp.swift */,
				10225CE125E552A500B4750F /* ContentView.swift */,
				10225CFE25E8284300B4750F /* UnlockedView.swift */,
				10225CEF25E55C3100B4750F /* MapView.swift */,
				10225CF825E8015A00B4750F /* Result.swfit.swift */,
				10225CF225E6C60C00B4750F /* MKPointAnnotation - ObservableObject.swift */,
				10225CF525E7EF4B00B4750F /* EditView.swift */,
				10225CFB25E8097E00B4750F /* MKPointAnnotation - Codable.swift */,
				10225CE325E552A600B4750F /* Assets.xcassets */,
				10225CE825E552A600B4750F /* Info.plist */,
				10225CE525E552A600B4750F /* Preview Content */,
			);
			path = BucketList;
			sourceTree = "<group>";
		};
		10225CE525E552A600B4750F /* Preview Content */ = {
			isa = PBXGroup;
			children = (
				10225CE625E552A600B4750F /* Preview Assets.xcassets */,
			);
			path = "Preview Content";
			sourceTree = "<group>";
		};
/* End PBXGroup section */

/* Begin PBXNativeTarget section */
		10225CDB25E552A500B4750F /* BucketList */ = {
			isa = PBXNativeTarget;
			buildConfigurationList = 10225CEB25E552A600B4750F /* Build configuration list for PBXNativeTarget "BucketList" */;
			buildPhases = (
				10225CD825E552A500B4750F /* Sources */,
				10225CD925E552A500B4750F /* Frameworks */,
				10225CDA25E552A500B4750F /* Resources */,
			);
			buildRules = (
			);
			dependencies = (
			);
			name = BucketList;
			productName = BucketList;
			productReference = 10225CDC25E552A500B4750F /* BucketList.app */;
			productType = "com.apple.product-type.application";
		};
/* End PBXNativeTarget section */

/* Begin PBXProject section */
		10225CD425E552A500B4750F /* Project object */ = {
			isa = PBXProject;
			attributes = {
				LastSwiftUpdateCheck = 1240;
				LastUpgradeCheck = 1240;
				TargetAttributes = {
					10225CDB25E552A500B4750F = {
						CreatedOnToolsVersion = 12.4;
					};
				};
			};
			buildConfigurationList = 10225CD725E552A500B4750F /* Build configuration list for PBXProject "BucketList" */;
			compatibilityVersion = "Xcode 9.3";
			developmentRegion = en;
			hasScannedForEncodings = 0;
			knownRegions = (
				en,
				Base,
			);
			mainGroup = 10225CD325E552A500B4750F;
			productRefGroup = 10225CDD25E552A500B4750F /* Products */;
			projectDirPath = "";
			projectRoot = "";
			targets = (
				10225CDB25E552A500B4750F /* BucketList */,
			);
		};
/* End PBXProject section */

/* Begin PBXResourcesBuildPhase section */
		10225CDA25E552A500B4750F /* Resources */ = {
			isa = PBXResourcesBuildPhase;
			buildActionMask = 2147483647;
			files = (
				10225CE725E552A600B4750F /* Preview Assets.xcassets in Resources */,
				10225CE425E552A600B4750F /* Assets.xcassets in Resources */,
			);
			runOnlyForDeploymentPostprocessing = 0;
		};
/* End PBXResourcesBuildPhase section */

/* Begin PBXSourcesBuildPhase section */
		10225CD825E552A500B4750F /* Sources */ = {
			isa = PBXSourcesBuildPhase;
			buildActionMask = 2147483647;
			files = (
				10225CE225E552A500B4750F /* ContentView.swift in Sources */,
				10225CF625E7EF4B00B4750F /* EditView.swift in Sources */,
				10225CFC25E8097E00B4750F /* MKPointAnnotation - Codable.swift in Sources */,
				10225CF025E55C3100B4750F /* MapView.swift in Sources */,
				10225CE025E552A500B4750F /* BucketListApp.swift in Sources */,
				10225CFF25E8284300B4750F /* UnlockedView.swift in Sources */,
				10225CF325E6C60C00B4750F /* MKPointAnnotation - ObservableObject.swift in Sources */,
				10225CF925E8015A00B4750F /* Result.swfit.swift in Sources */,
			);
			runOnlyForDeploymentPostprocessing = 0;
		};
/* End PBXSourcesBuildPhase section */

/* Begin XCBuildConfiguration section */
		10225CE925E552A600B4750F /* Debug */ = {
			isa = XCBuildConfiguration;
			buildSettings = {
				ALWAYS_SEARCH_USER_PATHS = NO;
				CLANG_ANALYZER_NONNULL = YES;
				CLANG_ANALYZER_NUMBER_OBJECT_CONVERSION = YES_AGGRESSIVE;
				CLANG_CXX_LANGUAGE_STANDARD = "gnu++14";
				CLANG_CXX_LIBRARY = "libc++";
				CLANG_ENABLE_MODULES = YES;
				CLANG_ENABLE_OBJC_ARC = YES;
				CLANG_ENABLE_OBJC_WEAK = YES;
				CLANG_WARN_BLOCK_CAPTURE_AUTORELEASING = YES;
				CLANG_WARN_BOOL_CONVERSION = YES;
				CLANG_WARN_COMMA = YES;
				CLANG_WARN_CONSTANT_CONVERSION = YES;
				CLANG_WARN_DEPRECATED_OBJC_IMPLEMENTATIONS = YES;
				CLANG_WARN_DIRECT_OBJC_ISA_USAGE = YES_ERROR;
				CLANG_WARN_DOCUMENTATION_COMMENTS = YES;
				CLANG_WARN_EMPTY_BODY = YES;
				CLANG_WARN_ENUM_CONVERSION = YES;
				CLANG_WARN_INFINITE_RECURSION = YES;
				CLANG_WARN_INT_CONVERSION = YES;
				CLANG_WARN_NON_LITERAL_NULL_CONVERSION = YES;
				CLANG_WARN_OBJC_IMPLICIT_RETAIN_SELF = YES;
				CLANG_WARN_OBJC_LITERAL_CONVERSION = YES;
				CLANG_WARN_OBJC_ROOT_CLASS = YES_ERROR;
				CLANG_WARN_QUOTED_INCLUDE_IN_FRAMEWORK_HEADER = YES;
				CLANG_WARN_RANGE_LOOP_ANALYSIS = YES;
				CLANG_WARN_STRICT_PROTOTYPES = YES;
				CLANG_WARN_SUSPICIOUS_MOVE = YES;
				CLANG_WARN_UNGUARDED_AVAILABILITY = YES_AGGRESSIVE;
				CLANG_WARN_UNREACHABLE_CODE = YES;
				CLANG_WARN__DUPLICATE_METHOD_MATCH = YES;
				COPY_PHASE_STRIP = NO;
				DEBUG_INFORMATION_FORMAT = dwarf;
				ENABLE_STRICT_OBJC_MSGSEND = YES;
				ENABLE_TESTABILITY = YES;
				GCC_C_LANGUAGE_STANDARD = gnu11;
				GCC_DYNAMIC_NO_PIC = NO;
				GCC_NO_COMMON_BLOCKS = YES;
				GCC_OPTIMIZATION_LEVEL = 0;
				GCC_PREPROCESSOR_DEFINITIONS = (
					"DEBUG=1",
					"$(inherited)",
				);
				GCC_WARN_64_TO_32_BIT_CONVERSION = YES;
				GCC_WARN_ABOUT_RETURN_TYPE = YES_ERROR;
				GCC_WARN_UNDECLARED_SELECTOR = YES;
				GCC_WARN_UNINITIALIZED_AUTOS = YES_AGGRESSIVE;
				GCC_WARN_UNUSED_FUNCTION = YES;
				GCC_WARN_UNUSED_VARIABLE = YES;
				IPHONEOS_DEPLOYMENT_TARGET = 14.4;
				MTL_ENABLE_DEBUG_INFO = INCLUDE_SOURCE;
				MTL_FAST_MATH = YES;
				ONLY_ACTIVE_ARCH = YES;
				SDKROOT = iphoneos;
				SWIFT_ACTIVE_COMPILATION_CONDITIONS = DEBUG;
				SWIFT_OPTIMIZATION_LEVEL = "-Onone";
			};
			name = Debug;
		};
		10225CEA25E552A600B4750F /* Release */ = {
			isa = XCBuildConfiguration;
			buildSettings = {
				ALWAYS_SEARCH_USER_PATHS = NO;
				CLANG_ANALYZER_NONNULL = YES;
				CLANG_ANALYZER_NUMBER_OBJECT_CONVERSION = YES_AGGRESSIVE;
				CLANG_CXX_LANGUAGE_STANDARD = "gnu++14";
				CLANG_CXX_LIBRARY = "libc++";
				CLANG_ENABLE_MODULES = YES;
				CLANG_ENABLE_OBJC_ARC = YES;
				CLANG_ENABLE_OBJC_WEAK = YES;
				CLANG_WARN_BLOCK_CAPTURE_AUTORELEASING = YES;
				CLANG_WARN_BOOL_CONVERSION = YES;
				CLANG_WARN_COMMA = YES;
				CLANG_WARN_CONSTANT_CONVERSION = YES;
				CLANG_WARN_DEPRECATED_OBJC_IMPLEMENTATIONS = YES;
				CLANG_WARN_DIRECT_OBJC_ISA_USAGE = YES_ERROR;
				CLANG_WARN_DOCUMENTATION_COMMENTS = YES;
				CLANG_WARN_EMPTY_BODY = YES;
				CLANG_WARN_ENUM_CONVERSION = YES;
				CLANG_WARN_INFINITE_RECURSION = YES;
				CLANG_WARN_INT_CONVERSION = YES;
				CLANG_WARN_NON_LITERAL_NULL_CONVERSION = YES;
				CLANG_WARN_OBJC_IMPLICIT_RETAIN_SELF = YES;
				CLANG_WARN_OBJC_LITERAL_CONVERSION = YES;
				CLANG_WARN_OBJC_ROOT_CLASS = YES_ERROR;
				CLANG_WARN_QUOTED_INCLUDE_IN_FRAMEWORK_HEADER = YES;
				CLANG_WARN_RANGE_LOOP_ANALYSIS = YES;
				CLANG_WARN_STRICT_PROTOTYPES = YES;
				CLANG_WARN_SUSPICIOUS_MOVE = YES;
				CLANG_WARN_UNGUARDED_AVAILABILITY = YES_AGGRESSIVE;
				CLANG_WARN_UNREACHABLE_CODE = YES;
				CLANG_WARN__DUPLICATE_METHOD_MATCH = YES;
				COPY_PHASE_STRIP = NO;
				DEBUG_INFORMATION_FORMAT = "dwarf-with-dsym";
				ENABLE_NS_ASSERTIONS = NO;
				ENABLE_STRICT_OBJC_MSGSEND = YES;
				GCC_C_LANGUAGE_STANDARD = gnu11;
				GCC_NO_COMMON_BLOCKS = YES;
				GCC_WARN_64_TO_32_BIT_CONVERSION = YES;
				GCC_WARN_ABOUT_RETURN_TYPE = YES_ERROR;
				GCC_WARN_UNDECLARED_SELECTOR = YES;
				GCC_WARN_UNINITIALIZED_AUTOS = YES_AGGRESSIVE;
				GCC_WARN_UNUSED_FUNCTION = YES;
				GCC_WARN_UNUSED_VARIABLE = YES;
				IPHONEOS_DEPLOYMENT_TARGET = 14.4;
				MTL_ENABLE_DEBUG_INFO = NO;
				MTL_FAST_MATH = YES;
				SDKROOT = iphoneos;
				SWIFT_COMPILATION_MODE = wholemodule;
				SWIFT_OPTIMIZATION_LEVEL = "-O";
				VALIDATE_PRODUCT = YES;
			};
			name = Release;
		};
		10225CEC25E552A600B4750F /* Debug */ = {
			isa = XCBuildConfiguration;
			buildSettings = {
				ASSETCATALOG_COMPILER_APPICON_NAME = AppIcon;
				ASSETCATALOG_COMPILER_GLOBAL_ACCENT_COLOR_NAME = AccentColor;
				CODE_SIGN_STYLE = Automatic;
				DEVELOPMENT_ASSET_PATHS = "\"BucketList/Preview Content\"";
				DEVELOPMENT_TEAM = 49XESD2744;
				ENABLE_PREVIEWS = YES;
				INFOPLIST_FILE = BucketList/Info.plist;
				IPHONEOS_DEPLOYMENT_TARGET = 14.0;
				LD_RUNPATH_SEARCH_PATHS = (
					"$(inherited)",
					"@executable_path/Frameworks",
				);
				PRODUCT_BUNDLE_IDENTIFIER = com.musty.BucketList;
				PRODUCT_NAME = "$(TARGET_NAME)";
				SWIFT_VERSION = 5.0;
				TARGETED_DEVICE_FAMILY = "1,2";
			};
			name = Debug;
		};
		10225CED25E552A600B4750F /* Release */ = {
			isa = XCBuildConfiguration;
			buildSettings = {
				ASSETCATALOG_COMPILER_APPICON_NAME = AppIcon;
				ASSETCATALOG_COMPILER_GLOBAL_ACCENT_COLOR_NAME = AccentColor;
				CODE_SIGN_STYLE = Automatic;
				DEVELOPMENT_ASSET_PATHS = "\"BucketList/Preview Content\"";
				DEVELOPMENT_TEAM = 49XESD2744;
				ENABLE_PREVIEWS = YES;
				INFOPLIST_FILE = BucketList/Info.plist;
				IPHONEOS_DEPLOYMENT_TARGET = 14.0;
				LD_RUNPATH_SEARCH_PATHS = (
					"$(inherited)",
					"@executable_path/Frameworks",
				);
				PRODUCT_BUNDLE_IDENTIFIER = com.musty.BucketList;
				PRODUCT_NAME = "$(TARGET_NAME)";
				SWIFT_VERSION = 5.0;
				TARGETED_DEVICE_FAMILY = "1,2";
			};
			name = Release;
		};
/* End XCBuildConfiguration section */

/* Begin XCConfigurationList section */
		10225CD725E552A500B4750F /* Build configuration list for PBXProject "BucketList" */ = {
			isa = XCConfigurationList;
			buildConfigurations = (
				10225CE925E552A600B4750F /* Debug */,
				10225CEA25E552A600B4750F /* Release */,
			);
			defaultConfigurationIsVisible = 0;
			defaultConfigurationName = Release;
		};
		10225CEB25E552A600B4750F /* Build configuration list for PBXNativeTarget "BucketList" */ = {
			isa = XCConfigurationList;
			buildConfigurations = (
				10225CEC25E552A600B4750F /* Debug */,
				10225CED25E552A600B4750F /* Release */,
			);
			defaultConfigurationIsVisible = 0;
			defaultConfigurationName = Release;
		};
/* End XCConfigurationList section */
	};
	rootObject = 10225CD425E552A500B4750F /* Project object */;
}
